
Microsoft Visual Studio Solution File, Format Version 12.00
# Visual Studio 14
VisualStudioVersion = 14.0.25420.1
MinimumVisualStudioVersion = 10.0.40219.1
Project("{FAE04EC0-301F-11D3-BF4B-00C04F79EFBC}") = "LowestCommonAncestor", "LowestCommonAncestor\LowestCommonAncestor.csproj", "{60B4C068-6C5A-48B2-ABAF-3B2F55D4CBAF}"
EndProject
Project("{FAE04EC0-301F-11D3-BF4B-00C04F79EFBC}") = "LowestCommonAncestor.Tests", "LowestCommonAncestor.Tests\LowestCommonAncestor.Tests.csproj", "{C5B48C16-F14C-4106-9A5A-597C6F725ED6}"
EndProject
Global
	GlobalSection(SolutionConfigurationPlatforms) = preSolution
		Debug|Any CPU = Debug|Any CPU
		Release|Any CPU = Release|Any CPU
	EndGlobalSection
	GlobalSection(ProjectConfigurationPlatforms) = postSolution
		{60B4C068-6C5A-48B2-ABAF-3B2F55D4CBAF}.Debug|Any CPU.ActiveCfg = Debug|Any CPU
		{60B4C068-6C5A-48B2-ABAF-3B2F55D4CBAF}.Debug|Any CPU.Build.0 = Debug|Any CPU
		{60B4C068-6C5A-48B2-ABAF-3B2F55D4CBAF}.Release|Any CPU.ActiveCfg = Release|Any CPU
		{60B4C068-6C5A-48B2-ABAF-3B2F55D4CBAF}.Release|Any CPU.Build.0 = Release|Any CPU
		{C5B48C16-F14C-4106-9A5A-597C6F725ED6}.Debug|Any CPU.ActiveCfg = Debug|Any CPU
		{C5B48C16-F14C-4106-9A5A-597C6F725ED6}.Debug|Any CPU.Build.0 = Debug|Any CPU
		{C5B48C16-F14C-4106-9A5A-597C6F725ED6}.Release|Any CPU.ActiveCfg = Release|Any CPU
		{C5B48C16-F14C-4106-9A5A-597C6F725ED6}.Release|Any CPU.Build.0 = Release|Any CPU
	EndGlobalSection
	GlobalSection(SolutionProperties) = preSolution
		HideSolutionNode = FALSE
	EndGlobalSection
EndGlobal
